// !$*UTF8*$!
{
	archiveVersion = 1;
	classes = {
	};
	objectVersion = 51;
	objects = {

/* Begin PBXBuildFile section */
		1467F5A7255A419B007CD969 /* AppDelegate.swift in Sources */ = {isa = PBXBuildFile; fileRef = 1467F5A6255A419B007CD969 /* AppDelegate.swift */; };
		1467F5A9255A419B007CD969 /* SceneDelegate.swift in Sources */ = {isa = PBXBuildFile; fileRef = 1467F5A8255A419B007CD969 /* SceneDelegate.swift */; };
		1467F5AB255A419B007CD969 /* ViewController.swift in Sources */ = {isa = PBXBuildFile; fileRef = 1467F5AA255A419B007CD969 /* ViewController.swift */; };
		1467F5AE255A419B007CD969 /* Main.storyboard in Resources */ = {isa = PBXBuildFile; fileRef = 1467F5AC255A419B007CD969 /* Main.storyboard */; };
		1467F5B0255A419C007CD969 /* Assets.xcassets in Resources */ = {isa = PBXBuildFile; fileRef = 1467F5AF255A419C007CD969 /* Assets.xcassets */; };
		1467F5B3255A419C007CD969 /* LaunchScreen.storyboard in Resources */ = {isa = PBXBuildFile; fileRef = 1467F5B1255A419C007CD969 /* LaunchScreen.storyboard */; };
		1467F5BE255A419C007CD969 /* AuxTests.swift in Sources */ = {isa = PBXBuildFile; fileRef = 1467F5BD255A419C007CD969 /* AuxTests.swift */; };
		1467F5C9255A419C007CD969 /* AuxUITests.swift in Sources */ = {isa = PBXBuildFile; fileRef = 1467F5C8255A419C007CD969 /* AuxUITests.swift */; };
		1480A23A255A47F900B80EAB /* BluetoothController.swift in Sources */ = {isa = PBXBuildFile; fileRef = 1480A239255A47F900B80EAB /* BluetoothController.swift */; };
		1C3F4310A155793F5226BED9 /* Pods_Aux.framework in Frameworks */ = {isa = PBXBuildFile; fileRef = 34FB87753E8D13D05B967833 /* Pods_Aux.framework */; };
		C67C4D85A61BF0AC0E0942FA /* Pods_Aux_AuxUITests.framework in Frameworks */ = {isa = PBXBuildFile; fileRef = 80A36B2F931030D73C2BA38B /* Pods_Aux_AuxUITests.framework */; };
		CF1B808F68C445AAB7CF6E87 /* Pods_AuxTests.framework in Frameworks */ = {isa = PBXBuildFile; fileRef = 9B2BA8821036010DF46D236F /* Pods_AuxTests.framework */; };
/* End PBXBuildFile section */

/* Begin PBXContainerItemProxy section */
		1467F5BA255A419C007CD969 /* PBXContainerItemProxy */ = {
			isa = PBXContainerItemProxy;
			containerPortal = 1467F59B255A419B007CD969 /* Project object */;
			proxyType = 1;
			remoteGlobalIDString = 1467F5A2255A419B007CD969;
			remoteInfo = Aux;
		};
		1467F5C5255A419C007CD969 /* PBXContainerItemProxy */ = {
			isa = PBXContainerItemProxy;
			containerPortal = 1467F59B255A419B007CD969 /* Project object */;
			proxyType = 1;
			remoteGlobalIDString = 1467F5A2255A419B007CD969;
			remoteInfo = Aux;
		};
/* End PBXContainerItemProxy section */

/* Begin PBXFileReference section */
		02BE1A84A462E2288F528937 /* Pods-AuxTests.debug.xcconfig */ = {isa = PBXFileReference; includeInIndex = 1; lastKnownFileType = text.xcconfig; name = "Pods-AuxTests.debug.xcconfig"; path = "Target Support Files/Pods-AuxTests/Pods-AuxTests.debug.xcconfig"; sourceTree = "<group>"; };
		1467F5A3255A419B007CD969 /* Aux.app */ = {isa = PBXFileReference; explicitFileType = wrapper.application; includeInIndex = 0; path = Aux.app; sourceTree = BUILT_PRODUCTS_DIR; };
		1467F5A6255A419B007CD969 /* AppDelegate.swift */ = {isa = PBXFileReference; lastKnownFileType = sourcecode.swift; path = AppDelegate.swift; sourceTree = "<group>"; };
		1467F5A8255A419B007CD969 /* SceneDelegate.swift */ = {isa = PBXFileReference; lastKnownFileType = sourcecode.swift; path = SceneDelegate.swift; sourceTree = "<group>"; };
		1467F5AA255A419B007CD969 /* ViewController.swift */ = {isa = PBXFileReference; lastKnownFileType = sourcecode.swift; path = ViewController.swift; sourceTree = "<group>"; };
		1467F5AD255A419B007CD969 /* Base */ = {isa = PBXFileReference; lastKnownFileType = file.storyboard; name = Base; path = Base.lproj/Main.storyboard; sourceTree = "<group>"; };
		1467F5AF255A419C007CD969 /* Assets.xcassets */ = {isa = PBXFileReference; lastKnownFileType = folder.assetcatalog; path = Assets.xcassets; sourceTree = "<group>"; };
		1467F5B2255A419C007CD969 /* Base */ = {isa = PBXFileReference; lastKnownFileType = file.storyboard; name = Base; path = Base.lproj/LaunchScreen.storyboard; sourceTree = "<group>"; };
		1467F5B4255A419C007CD969 /* Info.plist */ = {isa = PBXFileReference; lastKnownFileType = text.plist.xml; path = Info.plist; sourceTree = "<group>"; };
		1467F5B9255A419C007CD969 /* AuxTests.xctest */ = {isa = PBXFileReference; explicitFileType = wrapper.cfbundle; includeInIndex = 0; path = AuxTests.xctest; sourceTree = BUILT_PRODUCTS_DIR; };
		1467F5BD255A419C007CD969 /* AuxTests.swift */ = {isa = PBXFileReference; lastKnownFileType = sourcecode.swift; path = AuxTests.swift; sourceTree = "<group>"; };
		1467F5BF255A419C007CD969 /* Info.plist */ = {isa = PBXFileReference; lastKnownFileType = text.plist.xml; path = Info.plist; sourceTree = "<group>"; };
		1467F5C4255A419C007CD969 /* AuxUITests.xctest */ = {isa = PBXFileReference; explicitFileType = wrapper.cfbundle; includeInIndex = 0; path = AuxUITests.xctest; sourceTree = BUILT_PRODUCTS_DIR; };
		1467F5C8255A419C007CD969 /* AuxUITests.swift */ = {isa = PBXFileReference; lastKnownFileType = sourcecode.swift; path = AuxUITests.swift; sourceTree = "<group>"; };
		1467F5CA255A419C007CD969 /* Info.plist */ = {isa = PBXFileReference; lastKnownFileType = text.plist.xml; path = Info.plist; sourceTree = "<group>"; };
		1480A239255A47F900B80EAB /* BluetoothController.swift */ = {isa = PBXFileReference; lastKnownFileType = sourcecode.swift; path = BluetoothController.swift; sourceTree = "<group>"; };
		151514615C4DE9A753600AA0 /* Pods-Aux.debug.xcconfig */ = {isa = PBXFileReference; includeInIndex = 1; lastKnownFileType = text.xcconfig; name = "Pods-Aux.debug.xcconfig"; path = "Target Support Files/Pods-Aux/Pods-Aux.debug.xcconfig"; sourceTree = "<group>"; };
		34FB87753E8D13D05B967833 /* Pods_Aux.framework */ = {isa = PBXFileReference; explicitFileType = wrapper.framework; includeInIndex = 0; path = Pods_Aux.framework; sourceTree = BUILT_PRODUCTS_DIR; };
		3D8523A45A8C5AFE74370E65 /* Pods-Aux-AuxUITests.debug.xcconfig */ = {isa = PBXFileReference; includeInIndex = 1; lastKnownFileType = text.xcconfig; name = "Pods-Aux-AuxUITests.debug.xcconfig"; path = "Target Support Files/Pods-Aux-AuxUITests/Pods-Aux-AuxUITests.debug.xcconfig"; sourceTree = "<group>"; };
		7852F3878B651DD0FD052A5B /* Pods-AuxTests.release.xcconfig */ = {isa = PBXFileReference; includeInIndex = 1; lastKnownFileType = text.xcconfig; name = "Pods-AuxTests.release.xcconfig"; path = "Target Support Files/Pods-AuxTests/Pods-AuxTests.release.xcconfig"; sourceTree = "<group>"; };
		80A36B2F931030D73C2BA38B /* Pods_Aux_AuxUITests.framework */ = {isa = PBXFileReference; explicitFileType = wrapper.framework; includeInIndex = 0; path = Pods_Aux_AuxUITests.framework; sourceTree = BUILT_PRODUCTS_DIR; };
		9B2BA8821036010DF46D236F /* Pods_AuxTests.framework */ = {isa = PBXFileReference; explicitFileType = wrapper.framework; includeInIndex = 0; path = Pods_AuxTests.framework; sourceTree = BUILT_PRODUCTS_DIR; };
		AF8D9C467B16C3E7B60CE918 /* Pods-Aux.release.xcconfig */ = {isa = PBXFileReference; includeInIndex = 1; lastKnownFileType = text.xcconfig; name = "Pods-Aux.release.xcconfig"; path = "Target Support Files/Pods-Aux/Pods-Aux.release.xcconfig"; sourceTree = "<group>"; };
		E502809B82C06763DB7AAFAF /* Pods-Aux-AuxUITests.release.xcconfig */ = {isa = PBXFileReference; includeInIndex = 1; lastKnownFileType = text.xcconfig; name = "Pods-Aux-AuxUITests.release.xcconfig"; path = "Target Support Files/Pods-Aux-AuxUITests/Pods-Aux-AuxUITests.release.xcconfig"; sourceTree = "<group>"; };
/* End PBXFileReference section */

/* Begin PBXFrameworksBuildPhase section */
		1467F5A0255A419B007CD969 /* Frameworks */ = {
			isa = PBXFrameworksBuildPhase;
			buildActionMask = 2147483647;
			files = (
				1C3F4310A155793F5226BED9 /* Pods_Aux.framework in Frameworks */,
			);
			runOnlyForDeploymentPostprocessing = 0;
		};
		1467F5B6255A419C007CD969 /* Frameworks */ = {
			isa = PBXFrameworksBuildPhase;
			buildActionMask = 2147483647;
			files = (
				CF1B808F68C445AAB7CF6E87 /* Pods_AuxTests.framework in Frameworks */,
			);
			runOnlyForDeploymentPostprocessing = 0;
		};
		1467F5C1255A419C007CD969 /* Frameworks */ = {
			isa = PBXFrameworksBuildPhase;
			buildActionMask = 2147483647;
			files = (
				C67C4D85A61BF0AC0E0942FA /* Pods_Aux_AuxUITests.framework in Frameworks */,
			);
			runOnlyForDeploymentPostprocessing = 0;
		};
/* End PBXFrameworksBuildPhase section */

/* Begin PBXGroup section */
		1467F59A255A419B007CD969 = {
			isa = PBXGroup;
			children = (
				1467F5A5255A419B007CD969 /* Aux */,
				1467F5BC255A419C007CD969 /* AuxTests */,
				1467F5C7255A419C007CD969 /* AuxUITests */,
				1467F5A4255A419B007CD969 /* Products */,
				48B5FB2C202264AAC4289D18 /* Pods */,
				9F1759925F19FBEDC7332C55 /* Frameworks */,
			);
			sourceTree = "<group>";
		};
		1467F5A4255A419B007CD969 /* Products */ = {
			isa = PBXGroup;
			children = (
				1467F5A3255A419B007CD969 /* Aux.app */,
				1467F5B9255A419C007CD969 /* AuxTests.xctest */,
				1467F5C4255A419C007CD969 /* AuxUITests.xctest */,
			);
			name = Products;
			sourceTree = "<group>";
		};
		1467F5A5255A419B007CD969 /* Aux */ = {
			isa = PBXGroup;
			children = (
				1467F5A6255A419B007CD969 /* AppDelegate.swift */,
				1467F5A8255A419B007CD969 /* SceneDelegate.swift */,
				1467F5AA255A419B007CD969 /* ViewController.swift */,
				1467F5AC255A419B007CD969 /* Main.storyboard */,
				1467F5AF255A419C007CD969 /* Assets.xcassets */,
				1467F5B1255A419C007CD969 /* LaunchScreen.storyboard */,
				1467F5B4255A419C007CD969 /* Info.plist */,
				1480A239255A47F900B80EAB /* BluetoothController.swift */,
			);
			path = Aux;
			sourceTree = "<group>";
		};
		1467F5BC255A419C007CD969 /* AuxTests */ = {
			isa = PBXGroup;
			children = (
				1467F5BD255A419C007CD969 /* AuxTests.swift */,
				1467F5BF255A419C007CD969 /* Info.plist */,
			);
			path = AuxTests;
			sourceTree = "<group>";
		};
		1467F5C7255A419C007CD969 /* AuxUITests */ = {
			isa = PBXGroup;
			children = (
				1467F5C8255A419C007CD969 /* AuxUITests.swift */,
				1467F5CA255A419C007CD969 /* Info.plist */,
			);
			path = AuxUITests;
			sourceTree = "<group>";
		};
		48B5FB2C202264AAC4289D18 /* Pods */ = {
			isa = PBXGroup;
			children = (
				151514615C4DE9A753600AA0 /* Pods-Aux.debug.xcconfig */,
				AF8D9C467B16C3E7B60CE918 /* Pods-Aux.release.xcconfig */,
				3D8523A45A8C5AFE74370E65 /* Pods-Aux-AuxUITests.debug.xcconfig */,
				E502809B82C06763DB7AAFAF /* Pods-Aux-AuxUITests.release.xcconfig */,
				02BE1A84A462E2288F528937 /* Pods-AuxTests.debug.xcconfig */,
				7852F3878B651DD0FD052A5B /* Pods-AuxTests.release.xcconfig */,
			);
			path = Pods;
			sourceTree = "<group>";
		};
		9F1759925F19FBEDC7332C55 /* Frameworks */ = {
			isa = PBXGroup;
			children = (
				34FB87753E8D13D05B967833 /* Pods_Aux.framework */,
				80A36B2F931030D73C2BA38B /* Pods_Aux_AuxUITests.framework */,
				9B2BA8821036010DF46D236F /* Pods_AuxTests.framework */,
			);
			name = Frameworks;
			sourceTree = "<group>";
		};
/* End PBXGroup section */

/* Begin PBXNativeTarget section */
		1467F5A2255A419B007CD969 /* Aux */ = {
			isa = PBXNativeTarget;
			buildConfigurationList = 1467F5CD255A419C007CD969 /* Build configuration list for PBXNativeTarget "Aux" */;
			buildPhases = (
				8AB7FBCFB0D4AD4C311AB81B /* [CP] Check Pods Manifest.lock */,
				1467F59F255A419B007CD969 /* Sources */,
				1467F5A0255A419B007CD969 /* Frameworks */,
				1467F5A1255A419B007CD969 /* Resources */,
				6E7E37FBF558F5C1EC7539C3 /* [CP] Embed Pods Frameworks */,
			);
			buildRules = (
			);
			dependencies = (
			);
			name = Aux;
			productName = Aux;
			productReference = 1467F5A3255A419B007CD969 /* Aux.app */;
			productType = "com.apple.product-type.application";
		};
		1467F5B8255A419C007CD969 /* AuxTests */ = {
			isa = PBXNativeTarget;
			buildConfigurationList = 1467F5D0255A419C007CD969 /* Build configuration list for PBXNativeTarget "AuxTests" */;
			buildPhases = (
				5B2BD177EE1E6D62DDF2375E /* [CP] Check Pods Manifest.lock */,
				1467F5B5255A419C007CD969 /* Sources */,
				1467F5B6255A419C007CD969 /* Frameworks */,
				1467F5B7255A419C007CD969 /* Resources */,
			);
			buildRules = (
			);
			dependencies = (
				1467F5BB255A419C007CD969 /* PBXTargetDependency */,
			);
			name = AuxTests;
			productName = AuxTests;
			productReference = 1467F5B9255A419C007CD969 /* AuxTests.xctest */;
			productType = "com.apple.product-type.bundle.unit-test";
		};
		1467F5C3255A419C007CD969 /* AuxUITests */ = {
			isa = PBXNativeTarget;
			buildConfigurationList = 1467F5D3255A419C007CD969 /* Build configuration list for PBXNativeTarget "AuxUITests" */;
			buildPhases = (
				B8B0A81B4F239B42114A6140 /* [CP] Check Pods Manifest.lock */,
				1467F5C0255A419C007CD969 /* Sources */,
				1467F5C1255A419C007CD969 /* Frameworks */,
				1467F5C2255A419C007CD969 /* Resources */,
				B356AC495996CF1A700AC5A4 /* [CP] Embed Pods Frameworks */,
			);
			buildRules = (
			);
			dependencies = (
				1467F5C6255A419C007CD969 /* PBXTargetDependency */,
			);
			name = AuxUITests;
			productName = AuxUITests;
			productReference = 1467F5C4255A419C007CD969 /* AuxUITests.xctest */;
			productType = "com.apple.product-type.bundle.ui-testing";
		};
/* End PBXNativeTarget section */

/* Begin PBXProject section */
		1467F59B255A419B007CD969 /* Project object */ = {
			isa = PBXProject;
			attributes = {
				LastSwiftUpdateCheck = 1210;
				LastUpgradeCheck = 1210;
				TargetAttributes = {
					1467F5A2255A419B007CD969 = {
						CreatedOnToolsVersion = 12.1;
					};
					1467F5B8255A419C007CD969 = {
						CreatedOnToolsVersion = 12.1;
						TestTargetID = 1467F5A2255A419B007CD969;
					};
					1467F5C3255A419C007CD969 = {
						CreatedOnToolsVersion = 12.1;
						TestTargetID = 1467F5A2255A419B007CD969;
					};
				};
			};
			buildConfigurationList = 1467F59E255A419B007CD969 /* Build configuration list for PBXProject "Aux" */;
			compatibilityVersion = "Xcode 9.3";
			developmentRegion = en;
			hasScannedForEncodings = 0;
			knownRegions = (
				en,
				Base,
			);
			mainGroup = 1467F59A255A419B007CD969;
			productRefGroup = 1467F5A4255A419B007CD969 /* Products */;
			projectDirPath = "";
			projectRoot = "";
			targets = (
				1467F5A2255A419B007CD969 /* Aux */,
				1467F5B8255A419C007CD969 /* AuxTests */,
				1467F5C3255A419C007CD969 /* AuxUITests */,
			);
		};
/* End PBXProject section */

/* Begin PBXResourcesBuildPhase section */
		1467F5A1255A419B007CD969 /* Resources */ = {
			isa = PBXResourcesBuildPhase;
			buildActionMask = 2147483647;
			files = (
				1467F5B3255A419C007CD969 /* LaunchScreen.storyboard in Resources */,
				1467F5B0255A419C007CD969 /* Assets.xcassets in Resources */,
				1467F5AE255A419B007CD969 /* Main.storyboard in Resources */,
			);
			runOnlyForDeploymentPostprocessing = 0;
		};
		1467F5B7255A419C007CD969 /* Resources */ = {
			isa = PBXResourcesBuildPhase;
			buildActionMask = 2147483647;
			files = (
			);
			runOnlyForDeploymentPostprocessing = 0;
		};
		1467F5C2255A419C007CD969 /* Resources */ = {
			isa = PBXResourcesBuildPhase;
			buildActionMask = 2147483647;
			files = (
			);
			runOnlyForDeploymentPostprocessing = 0;
		};
/* End PBXResourcesBuildPhase section */

/* Begin PBXShellScriptBuildPhase section */
		5B2BD177EE1E6D62DDF2375E /* [CP] Check Pods Manifest.lock */ = {
			isa = PBXShellScriptBuildPhase;
			buildActionMask = 2147483647;
			files = (
			);
			inputFileListPaths = (
			);
			inputPaths = (
				"${PODS_PODFILE_DIR_PATH}/Podfile.lock",
				"${PODS_ROOT}/Manifest.lock",
			);
			name = "[CP] Check Pods Manifest.lock";
			outputFileListPaths = (
			);
			outputPaths = (
				"$(DERIVED_FILE_DIR)/Pods-AuxTests-checkManifestLockResult.txt",
			);
			runOnlyForDeploymentPostprocessing = 0;
			shellPath = /bin/sh;
			shellScript = "diff \"${PODS_PODFILE_DIR_PATH}/Podfile.lock\" \"${PODS_ROOT}/Manifest.lock\" > /dev/null\nif [ $? != 0 ] ; then\n    # print error to STDERR\n    echo \"error: The sandbox is not in sync with the Podfile.lock. Run 'pod install' or update your CocoaPods installation.\" >&2\n    exit 1\nfi\n# This output is used by Xcode 'outputs' to avoid re-running this script phase.\necho \"SUCCESS\" > \"${SCRIPT_OUTPUT_FILE_0}\"\n";
			showEnvVarsInLog = 0;
		};
		6E7E37FBF558F5C1EC7539C3 /* [CP] Embed Pods Frameworks */ = {
			isa = PBXShellScriptBuildPhase;
			buildActionMask = 2147483647;
			files = (
			);
			inputFileListPaths = (
				"${PODS_ROOT}/Target Support Files/Pods-Aux/Pods-Aux-frameworks-${CONFIGURATION}-input-files.xcfilelist",
			);
			name = "[CP] Embed Pods Frameworks";
			outputFileListPaths = (
				"${PODS_ROOT}/Target Support Files/Pods-Aux/Pods-Aux-frameworks-${CONFIGURATION}-output-files.xcfilelist",
			);
			runOnlyForDeploymentPostprocessing = 0;
			shellPath = /bin/sh;
			shellScript = "\"${PODS_ROOT}/Target Support Files/Pods-Aux/Pods-Aux-frameworks.sh\"\n";
			showEnvVarsInLog = 0;
		};
		8AB7FBCFB0D4AD4C311AB81B /* [CP] Check Pods Manifest.lock */ = {
			isa = PBXShellScriptBuildPhase;
			buildActionMask = 2147483647;
			files = (
			);
			inputFileListPaths = (
			);
			inputPaths = (
				"${PODS_PODFILE_DIR_PATH}/Podfile.lock",
				"${PODS_ROOT}/Manifest.lock",
			);
			name = "[CP] Check Pods Manifest.lock";
			outputFileListPaths = (
			);
			outputPaths = (
				"$(DERIVED_FILE_DIR)/Pods-Aux-checkManifestLockResult.txt",
			);
			runOnlyForDeploymentPostprocessing = 0;
			shellPath = /bin/sh;
			shellScript = "diff \"${PODS_PODFILE_DIR_PATH}/Podfile.lock\" \"${PODS_ROOT}/Manifest.lock\" > /dev/null\nif [ $? != 0 ] ; then\n    # print error to STDERR\n    echo \"error: The sandbox is not in sync with the Podfile.lock. Run 'pod install' or update your CocoaPods installation.\" >&2\n    exit 1\nfi\n# This output is used by Xcode 'outputs' to avoid re-running this script phase.\necho \"SUCCESS\" > \"${SCRIPT_OUTPUT_FILE_0}\"\n";
			showEnvVarsInLog = 0;
		};
		B356AC495996CF1A700AC5A4 /* [CP] Embed Pods Frameworks */ = {
			isa = PBXShellScriptBuildPhase;
			buildActionMask = 2147483647;
			files = (
			);
			inputFileListPaths = (
				"${PODS_ROOT}/Target Support Files/Pods-Aux-AuxUITests/Pods-Aux-AuxUITests-frameworks-${CONFIGURATION}-input-files.xcfilelist",
			);
			name = "[CP] Embed Pods Frameworks";
			outputFileListPaths = (
				"${PODS_ROOT}/Target Support Files/Pods-Aux-AuxUITests/Pods-Aux-AuxUITests-frameworks-${CONFIGURATION}-output-files.xcfilelist",
			);
			runOnlyForDeploymentPostprocessing = 0;
			shellPath = /bin/sh;
			shellScript = "\"${PODS_ROOT}/Target Support Files/Pods-Aux-AuxUITests/Pods-Aux-AuxUITests-frameworks.sh\"\n";
			showEnvVarsInLog = 0;
		};
		B8B0A81B4F239B42114A6140 /* [CP] Check Pods Manifest.lock */ = {
			isa = PBXShellScriptBuildPhase;
			buildActionMask = 2147483647;
			files = (
			);
			inputFileListPaths = (
			);
			inputPaths = (
				"${PODS_PODFILE_DIR_PATH}/Podfile.lock",
				"${PODS_ROOT}/Manifest.lock",
			);
			name = "[CP] Check Pods Manifest.lock";
			outputFileListPaths = (
			);
			outputPaths = (
				"$(DERIVED_FILE_DIR)/Pods-Aux-AuxUITests-checkManifestLockResult.txt",
			);
			runOnlyForDeploymentPostprocessing = 0;
			shellPath = /bin/sh;
			shellScript = "diff \"${PODS_PODFILE_DIR_PATH}/Podfile.lock\" \"${PODS_ROOT}/Manifest.lock\" > /dev/null\nif [ $? != 0 ] ; then\n    # print error to STDERR\n    echo \"error: The sandbox is not in sync with the Podfile.lock. Run 'pod install' or update your CocoaPods installation.\" >&2\n    exit 1\nfi\n# This output is used by Xcode 'outputs' to avoid re-running this script phase.\necho \"SUCCESS\" > \"${SCRIPT_OUTPUT_FILE_0}\"\n";
			showEnvVarsInLog = 0;
		};
/* End PBXShellScriptBuildPhase section */

/* Begin PBXSourcesBuildPhase section */
		1467F59F255A419B007CD969 /* Sources */ = {
			isa = PBXSourcesBuildPhase;
			buildActionMask = 2147483647;
			files = (
				1467F5AB255A419B007CD969 /* ViewController.swift in Sources */,
				1467F5A7255A419B007CD969 /* AppDelegate.swift in Sources */,
				1480A23A255A47F900B80EAB /* BluetoothController.swift in Sources */,
				1467F5A9255A419B007CD969 /* SceneDelegate.swift in Sources */,
			);
			runOnlyForDeploymentPostprocessing = 0;
		};
		1467F5B5255A419C007CD969 /* Sources */ = {
			isa = PBXSourcesBuildPhase;
			buildActionMask = 2147483647;
			files = (
				1467F5BE255A419C007CD969 /* AuxTests.swift in Sources */,
			);
			runOnlyForDeploymentPostprocessing = 0;
		};
		1467F5C0255A419C007CD969 /* Sources */ = {
			isa = PBXSourcesBuildPhase;
			buildActionMask = 2147483647;
			files = (
				1467F5C9255A419C007CD969 /* AuxUITests.swift in Sources */,
			);
			runOnlyForDeploymentPostprocessing = 0;
		};
/* End PBXSourcesBuildPhase section */

/* Begin PBXTargetDependency section */
		1467F5BB255A419C007CD969 /* PBXTargetDependency */ = {
			isa = PBXTargetDependency;
			target = 1467F5A2255A419B007CD969 /* Aux */;
			targetProxy = 1467F5BA255A419C007CD969 /* PBXContainerItemProxy */;
		};
		1467F5C6255A419C007CD969 /* PBXTargetDependency */ = {
			isa = PBXTargetDependency;
			target = 1467F5A2255A419B007CD969 /* Aux */;
			targetProxy = 1467F5C5255A419C007CD969 /* PBXContainerItemProxy */;
		};
/* End PBXTargetDependency section */

/* Begin PBXVariantGroup section */
		1467F5AC255A419B007CD969 /* Main.storyboard */ = {
			isa = PBXVariantGroup;
			children = (
				1467F5AD255A419B007CD969 /* Base */,
			);
			name = Main.storyboard;
			sourceTree = "<group>";
		};
		1467F5B1255A419C007CD969 /* LaunchScreen.storyboard */ = {
			isa = PBXVariantGroup;
			children = (
				1467F5B2255A419C007CD969 /* Base */,
			);
			name = LaunchScreen.storyboard;
			sourceTree = "<group>";
		};
/* End PBXVariantGroup section */

/* Begin XCBuildConfiguration section */
		1467F5CB255A419C007CD969 /* Debug */ = {
			isa = XCBuildConfiguration;
			buildSettings = {
				ALWAYS_SEARCH_USER_PATHS = NO;
				CLANG_ANALYZER_NONNULL = YES;
				CLANG_ANALYZER_NUMBER_OBJECT_CONVERSION = YES_AGGRESSIVE;
				CLANG_CXX_LANGUAGE_STANDARD = "gnu++14";
				CLANG_CXX_LIBRARY = "libc++";
				CLANG_ENABLE_MODULES = YES;
				CLANG_ENABLE_OBJC_ARC = YES;
				CLANG_ENABLE_OBJC_WEAK = YES;
				CLANG_WARN_BLOCK_CAPTURE_AUTORELEASING = YES;
				CLANG_WARN_BOOL_CONVERSION = YES;
				CLANG_WARN_COMMA = YES;
				CLANG_WARN_CONSTANT_CONVERSION = YES;
				CLANG_WARN_DEPRECATED_OBJC_IMPLEMENTATIONS = YES;
				CLANG_WARN_DIRECT_OBJC_ISA_USAGE = YES_ERROR;
				CLANG_WARN_DOCUMENTATION_COMMENTS = YES;
				CLANG_WARN_EMPTY_BODY = YES;
				CLANG_WARN_ENUM_CONVERSION = YES;
				CLANG_WARN_INFINITE_RECURSION = YES;
				CLANG_WARN_INT_CONVERSION = YES;
				CLANG_WARN_NON_LITERAL_NULL_CONVERSION = YES;
				CLANG_WARN_OBJC_IMPLICIT_RETAIN_SELF = YES;
				CLANG_WARN_OBJC_LITERAL_CONVERSION = YES;
				CLANG_WARN_OBJC_ROOT_CLASS = YES_ERROR;
				CLANG_WARN_QUOTED_INCLUDE_IN_FRAMEWORK_HEADER = YES;
				CLANG_WARN_RANGE_LOOP_ANALYSIS = YES;
				CLANG_WARN_STRICT_PROTOTYPES = YES;
				CLANG_WARN_SUSPICIOUS_MOVE = YES;
				CLANG_WARN_UNGUARDED_AVAILABILITY = YES_AGGRESSIVE;
				CLANG_WARN_UNREACHABLE_CODE = YES;
				CLANG_WARN__DUPLICATE_METHOD_MATCH = YES;
				COPY_PHASE_STRIP = NO;
				DEBUG_INFORMATION_FORMAT = dwarf;
				ENABLE_STRICT_OBJC_MSGSEND = YES;
				ENABLE_TESTABILITY = YES;
				GCC_C_LANGUAGE_STANDARD = gnu11;
				GCC_DYNAMIC_NO_PIC = NO;
				GCC_NO_COMMON_BLOCKS = YES;
				GCC_OPTIMIZATION_LEVEL = 0;
				GCC_PREPROCESSOR_DEFINITIONS = (
					"DEBUG=1",
					"$(inherited)",
				);
				GCC_WARN_64_TO_32_BIT_CONVERSION = YES;
				GCC_WARN_ABOUT_RETURN_TYPE = YES_ERROR;
				GCC_WARN_UNDECLARED_SELECTOR = YES;
				GCC_WARN_UNINITIALIZED_AUTOS = YES_AGGRESSIVE;
				GCC_WARN_UNUSED_FUNCTION = YES;
				GCC_WARN_UNUSED_VARIABLE = YES;
				IPHONEOS_DEPLOYMENT_TARGET = 14.1;
				MTL_ENABLE_DEBUG_INFO = INCLUDE_SOURCE;
				MTL_FAST_MATH = YES;
				ONLY_ACTIVE_ARCH = YES;
				SDKROOT = iphoneos;
				SWIFT_ACTIVE_COMPILATION_CONDITIONS = DEBUG;
				SWIFT_OPTIMIZATION_LEVEL = "-Onone";
			};
			name = Debug;
		};
		1467F5CC255A419C007CD969 /* Release */ = {
			isa = XCBuildConfiguration;
			buildSettings = {
				ALWAYS_SEARCH_USER_PATHS = NO;
				CLANG_ANALYZER_NONNULL = YES;
				CLANG_ANALYZER_NUMBER_OBJECT_CONVERSION = YES_AGGRESSIVE;
				CLANG_CXX_LANGUAGE_STANDARD = "gnu++14";
				CLANG_CXX_LIBRARY = "libc++";
				CLANG_ENABLE_MODULES = YES;
				CLANG_ENABLE_OBJC_ARC = YES;
				CLANG_ENABLE_OBJC_WEAK = YES;
				CLANG_WARN_BLOCK_CAPTURE_AUTORELEASING = YES;
				CLANG_WARN_BOOL_CONVERSION = YES;
				CLANG_WARN_COMMA = YES;
				CLANG_WARN_CONSTANT_CONVERSION = YES;
				CLANG_WARN_DEPRECATED_OBJC_IMPLEMENTATIONS = YES;
				CLANG_WARN_DIRECT_OBJC_ISA_USAGE = YES_ERROR;
				CLANG_WARN_DOCUMENTATION_COMMENTS = YES;
				CLANG_WARN_EMPTY_BODY = YES;
				CLANG_WARN_ENUM_CONVERSION = YES;
				CLANG_WARN_INFINITE_RECURSION = YES;
				CLANG_WARN_INT_CONVERSION = YES;
				CLANG_WARN_NON_LITERAL_NULL_CONVERSION = YES;
				CLANG_WARN_OBJC_IMPLICIT_RETAIN_SELF = YES;
				CLANG_WARN_OBJC_LITERAL_CONVERSION = YES;
				CLANG_WARN_OBJC_ROOT_CLASS = YES_ERROR;
				CLANG_WARN_QUOTED_INCLUDE_IN_FRAMEWORK_HEADER = YES;
				CLANG_WARN_RANGE_LOOP_ANALYSIS = YES;
				CLANG_WARN_STRICT_PROTOTYPES = YES;
				CLANG_WARN_SUSPICIOUS_MOVE = YES;
				CLANG_WARN_UNGUARDED_AVAILABILITY = YES_AGGRESSIVE;
				CLANG_WARN_UNREACHABLE_CODE = YES;
				CLANG_WARN__DUPLICATE_METHOD_MATCH = YES;
				COPY_PHASE_STRIP = NO;
				DEBUG_INFORMATION_FORMAT = "dwarf-with-dsym";
				ENABLE_NS_ASSERTIONS = NO;
				ENABLE_STRICT_OBJC_MSGSEND = YES;
				GCC_C_LANGUAGE_STANDARD = gnu11;
				GCC_NO_COMMON_BLOCKS = YES;
				GCC_WARN_64_TO_32_BIT_CONVERSION = YES;
				GCC_WARN_ABOUT_RETURN_TYPE = YES_ERROR;
				GCC_WARN_UNDECLARED_SELECTOR = YES;
				GCC_WARN_UNINITIALIZED_AUTOS = YES_AGGRESSIVE;
				GCC_WARN_UNUSED_FUNCTION = YES;
				GCC_WARN_UNUSED_VARIABLE = YES;
				IPHONEOS_DEPLOYMENT_TARGET = 14.1;
				MTL_ENABLE_DEBUG_INFO = NO;
				MTL_FAST_MATH = YES;
				SDKROOT = iphoneos;
				SWIFT_COMPILATION_MODE = wholemodule;
				SWIFT_OPTIMIZATION_LEVEL = "-O";
				VALIDATE_PRODUCT = YES;
			};
			name = Release;
		};
		1467F5CE255A419C007CD969 /* Debug */ = {
			isa = XCBuildConfiguration;
			baseConfigurationReference = 151514615C4DE9A753600AA0 /* Pods-Aux.debug.xcconfig */;
			buildSettings = {
				ASSETCATALOG_COMPILER_APPICON_NAME = AppIcon;
				ASSETCATALOG_COMPILER_GLOBAL_ACCENT_COLOR_NAME = AccentColor;
				CODE_SIGN_STYLE = Automatic;
				DEVELOPMENT_TEAM = VUTT83GAGR;
				INFOPLIST_FILE = Aux/Info.plist;
				LD_RUNPATH_SEARCH_PATHS = (
					"$(inherited)",
					"@executable_path/Frameworks",
				);
				PRODUCT_BUNDLE_IDENTIFIER = AUX.AUX.1.0;
				PRODUCT_NAME = "$(TARGET_NAME)";
				SWIFT_VERSION = 5.0;
				TARGETED_DEVICE_FAMILY = "1,2";
			};
			name = Debug;
		};
		1467F5CF255A419C007CD969 /* Release */ = {
			isa = XCBuildConfiguration;
			baseConfigurationReference = AF8D9C467B16C3E7B60CE918 /* Pods-Aux.release.xcconfig */;
			buildSettings = {
				ASSETCATALOG_COMPILER_APPICON_NAME = AppIcon;
				ASSETCATALOG_COMPILER_GLOBAL_ACCENT_COLOR_NAME = AccentColor;
				CODE_SIGN_STYLE = Automatic;
				DEVELOPMENT_TEAM = VUTT83GAGR;
				INFOPLIST_FILE = Aux/Info.plist;
				LD_RUNPATH_SEARCH_PATHS = (
					"$(inherited)",
					"@executable_path/Frameworks",
				);
				PRODUCT_BUNDLE_IDENTIFIER = AUX.AUX.1.0;
				PRODUCT_NAME = "$(TARGET_NAME)";
				SWIFT_VERSION = 5.0;
				TARGETED_DEVICE_FAMILY = "1,2";
			};
			name = Release;
		};
		1467F5D1255A419C007CD969 /* Debug */ = {
			isa = XCBuildConfiguration;
			baseConfigurationReference = 02BE1A84A462E2288F528937 /* Pods-AuxTests.debug.xcconfig */;
			buildSettings = {
				ALWAYS_EMBED_SWIFT_STANDARD_LIBRARIES = YES;
				BUNDLE_LOADER = "$(TEST_HOST)";
				CODE_SIGN_STYLE = Automatic;
				INFOPLIST_FILE = AuxTests/Info.plist;
				IPHONEOS_DEPLOYMENT_TARGET = 14.1;
				LD_RUNPATH_SEARCH_PATHS = (
					"$(inherited)",
					"@executable_path/Frameworks",
					"@loader_path/Frameworks",
				);
				PRODUCT_BUNDLE_IDENTIFIER = AUX.AuxTests;
				PRODUCT_NAME = "$(TARGET_NAME)";
				SWIFT_VERSION = 5.0;
				TARGETED_DEVICE_FAMILY = "1,2";
				TEST_HOST = "$(BUILT_PRODUCTS_DIR)/Aux.app/Aux";
			};
			name = Debug;
		};
		1467F5D2255A419C007CD969 /* Release */ = {
			isa = XCBuildConfiguration;
			baseConfigurationReference = 7852F3878B651DD0FD052A5B /* Pods-AuxTests.release.xcconfig */;
			buildSettings = {
				ALWAYS_EMBED_SWIFT_STANDARD_LIBRARIES = YES;
				BUNDLE_LOADER = "$(TEST_HOST)";
				CODE_SIGN_STYLE = Automatic;
				INFOPLIST_FILE = AuxTests/Info.plist;
				IPHONEOS_DEPLOYMENT_TARGET = 14.1;
				LD_RUNPATH_SEARCH_PATHS = (
					"$(inherited)",
					"@executable_path/Frameworks",
					"@loader_path/Frameworks",
				);
				PRODUCT_BUNDLE_IDENTIFIER = AUX.AuxTests;
				PRODUCT_NAME = "$(TARGET_NAME)";
				SWIFT_VERSION = 5.0;
				TARGETED_DEVICE_FAMILY = "1,2";
				TEST_HOST = "$(BUILT_PRODUCTS_DIR)/Aux.app/Aux";
			};
			name = Release;
		};
		1467F5D4255A419C007CD969 /* Debug */ = {
			isa = XCBuildConfiguration;
			baseConfigurationReference = 3D8523A45A8C5AFE74370E65 /* Pods-Aux-AuxUITests.debug.xcconfig */;
			buildSettings = {
				ALWAYS_EMBED_SWIFT_STANDARD_LIBRARIES = YES;
				CODE_SIGN_STYLE = Automatic;
				INFOPLIST_FILE = AuxUITests/Info.plist;
				LD_RUNPATH_SEARCH_PATHS = (
					"$(inherited)",
					"@executable_path/Frameworks",
					"@loader_path/Frameworks",
				);
				PRODUCT_BUNDLE_IDENTIFIER = AUX.AuxUITests;
				PRODUCT_NAME = "$(TARGET_NAME)";
				SWIFT_VERSION = 5.0;
				TARGETED_DEVICE_FAMILY = "1,2";
				TEST_TARGET_NAME = Aux;
			};
			name = Debug;
		};
		1467F5D5255A419C007CD969 /* Release */ = {
			isa = XCBuildConfiguration;
			baseConfigurationReference = E502809B82C06763DB7AAFAF /* Pods-Aux-AuxUITests.release.xcconfig */;
			buildSettings = {
				ALWAYS_EMBED_SWIFT_STANDARD_LIBRARIES = YES;
				CODE_SIGN_STYLE = Automatic;
				INFOPLIST_FILE = AuxUITests/Info.plist;
				LD_RUNPATH_SEARCH_PATHS = (
					"$(inherited)",
					"@executable_path/Frameworks",
					"@loader_path/Frameworks",
				);
				PRODUCT_BUNDLE_IDENTIFIER = AUX.AuxUITests;
				PRODUCT_NAME = "$(TARGET_NAME)";
				SWIFT_VERSION = 5.0;
				TARGETED_DEVICE_FAMILY = "1,2";
				TEST_TARGET_NAME = Aux;
			};
			name = Release;
		};
/* End XCBuildConfiguration section */

/* Begin XCConfigurationList section */
		1467F59E255A419B007CD969 /* Build configuration list for PBXProject "Aux" */ = {
			isa = XCConfigurationList;
			buildConfigurations = (
				1467F5CB255A419C007CD969 /* Debug */,
				1467F5CC255A419C007CD969 /* Release */,
			);
			defaultConfigurationIsVisible = 0;
			defaultConfigurationName = Release;
		};
		1467F5CD255A419C007CD969 /* Build configuration list for PBXNativeTarget "Aux" */ = {
			isa = XCConfigurationList;
			buildConfigurations = (
				1467F5CE255A419C007CD969 /* Debug */,
				1467F5CF255A419C007CD969 /* Release */,
			);
			defaultConfigurationIsVisible = 0;
			defaultConfigurationName = Release;
		};
		1467F5D0255A419C007CD969 /* Build configuration list for PBXNativeTarget "AuxTests" */ = {
			isa = XCConfigurationList;
			buildConfigurations = (
				1467F5D1255A419C007CD969 /* Debug */,
				1467F5D2255A419C007CD969 /* Release */,
			);
			defaultConfigurationIsVisible = 0;
			defaultConfigurationName = Release;
		};
		1467F5D3255A419C007CD969 /* Build configuration list for PBXNativeTarget "AuxUITests" */ = {
			isa = XCConfigurationList;
			buildConfigurations = (
				1467F5D4255A419C007CD969 /* Debug */,
				1467F5D5255A419C007CD969 /* Release */,
			);
			defaultConfigurationIsVisible = 0;
			defaultConfigurationName = Release;
		};
/* End XCConfigurationList section */
	};
	rootObject = 1467F59B255A419B007CD969 /* Project object */;
}
