// !$*UTF8*$!
{
	archiveVersion = 1;
	classes = {
	};
	objectVersion = 50;
	objects = {

/* Begin PBXBuildFile section */
		1475A45625362A7700287A1B /* AUXApp.swift in Sources */ = {isa = PBXBuildFile; fileRef = 1475A45525362A7700287A1B /* AUXApp.swift */; };
		1475A45825362A7700287A1B /* ContentView.swift in Sources */ = {isa = PBXBuildFile; fileRef = 1475A45725362A7700287A1B /* ContentView.swift */; };
		1475A45A25362A7A00287A1B /* Assets.xcassets in Resources */ = {isa = PBXBuildFile; fileRef = 1475A45925362A7A00287A1B /* Assets.xcassets */; };
		1475A45D25362A7A00287A1B /* Preview Assets.xcassets in Resources */ = {isa = PBXBuildFile; fileRef = 1475A45C25362A7A00287A1B /* Preview Assets.xcassets */; };
		1475A46825362A7A00287A1B /* AUXTests.swift in Sources */ = {isa = PBXBuildFile; fileRef = 1475A46725362A7A00287A1B /* AUXTests.swift */; };
		1475A47325362A7A00287A1B /* AUXUITests.swift in Sources */ = {isa = PBXBuildFile; fileRef = 1475A47225362A7A00287A1B /* AUXUITests.swift */; };
/* End PBXBuildFile section */

/* Begin PBXContainerItemProxy section */
		1475A46425362A7A00287A1B /* PBXContainerItemProxy */ = {
			isa = PBXContainerItemProxy;
			containerPortal = 1475A44A25362A7700287A1B /* Project object */;
			proxyType = 1;
			remoteGlobalIDString = 1475A45125362A7700287A1B;
			remoteInfo = AUX;
		};
		1475A46F25362A7A00287A1B /* PBXContainerItemProxy */ = {
			isa = PBXContainerItemProxy;
			containerPortal = 1475A44A25362A7700287A1B /* Project object */;
			proxyType = 1;
			remoteGlobalIDString = 1475A45125362A7700287A1B;
			remoteInfo = AUX;
		};
/* End PBXContainerItemProxy section */

/* Begin PBXFileReference section */
		1475A45225362A7700287A1B /* AUX.app */ = {isa = PBXFileReference; explicitFileType = wrapper.application; includeInIndex = 0; path = AUX.app; sourceTree = BUILT_PRODUCTS_DIR; };
		1475A45525362A7700287A1B /* AUXApp.swift */ = {isa = PBXFileReference; lastKnownFileType = sourcecode.swift; path = AUXApp.swift; sourceTree = "<group>"; };
		1475A45725362A7700287A1B /* ContentView.swift */ = {isa = PBXFileReference; lastKnownFileType = sourcecode.swift; path = ContentView.swift; sourceTree = "<group>"; };
		1475A45925362A7A00287A1B /* Assets.xcassets */ = {isa = PBXFileReference; lastKnownFileType = folder.assetcatalog; path = Assets.xcassets; sourceTree = "<group>"; };
		1475A45C25362A7A00287A1B /* Preview Assets.xcassets */ = {isa = PBXFileReference; lastKnownFileType = folder.assetcatalog; path = "Preview Assets.xcassets"; sourceTree = "<group>"; };
		1475A45E25362A7A00287A1B /* Info.plist */ = {isa = PBXFileReference; lastKnownFileType = text.plist.xml; path = Info.plist; sourceTree = "<group>"; };
		1475A46325362A7A00287A1B /* AUXTests.xctest */ = {isa = PBXFileReference; explicitFileType = wrapper.cfbundle; includeInIndex = 0; path = AUXTests.xctest; sourceTree = BUILT_PRODUCTS_DIR; };
		1475A46725362A7A00287A1B /* AUXTests.swift */ = {isa = PBXFileReference; lastKnownFileType = sourcecode.swift; path = AUXTests.swift; sourceTree = "<group>"; };
		1475A46925362A7A00287A1B /* Info.plist */ = {isa = PBXFileReference; lastKnownFileType = text.plist.xml; path = Info.plist; sourceTree = "<group>"; };
		1475A46E25362A7A00287A1B /* AUXUITests.xctest */ = {isa = PBXFileReference; explicitFileType = wrapper.cfbundle; includeInIndex = 0; path = AUXUITests.xctest; sourceTree = BUILT_PRODUCTS_DIR; };
		1475A47225362A7A00287A1B /* AUXUITests.swift */ = {isa = PBXFileReference; lastKnownFileType = sourcecode.swift; path = AUXUITests.swift; sourceTree = "<group>"; };
		1475A47425362A7A00287A1B /* Info.plist */ = {isa = PBXFileReference; lastKnownFileType = text.plist.xml; path = Info.plist; sourceTree = "<group>"; };
/* End PBXFileReference section */

/* Begin PBXFrameworksBuildPhase section */
		1475A44F25362A7700287A1B /* Frameworks */ = {
			isa = PBXFrameworksBuildPhase;
			buildActionMask = 2147483647;
			files = (
			);
			runOnlyForDeploymentPostprocessing = 0;
		};
		1475A46025362A7A00287A1B /* Frameworks */ = {
			isa = PBXFrameworksBuildPhase;
			buildActionMask = 2147483647;
			files = (
			);
			runOnlyForDeploymentPostprocessing = 0;
		};
		1475A46B25362A7A00287A1B /* Frameworks */ = {
			isa = PBXFrameworksBuildPhase;
			buildActionMask = 2147483647;
			files = (
			);
			runOnlyForDeploymentPostprocessing = 0;
		};
/* End PBXFrameworksBuildPhase section */

/* Begin PBXGroup section */
		1475A44925362A7700287A1B = {
			isa = PBXGroup;
			children = (
				1475A45425362A7700287A1B /* AUX */,
				1475A46625362A7A00287A1B /* AUXTests */,
				1475A47125362A7A00287A1B /* AUXUITests */,
				1475A45325362A7700287A1B /* Products */,
			);
			sourceTree = "<group>";
		};
		1475A45325362A7700287A1B /* Products */ = {
			isa = PBXGroup;
			children = (
				1475A45225362A7700287A1B /* AUX.app */,
				1475A46325362A7A00287A1B /* AUXTests.xctest */,
				1475A46E25362A7A00287A1B /* AUXUITests.xctest */,
			);
			name = Products;
			sourceTree = "<group>";
		};
		1475A45425362A7700287A1B /* AUX */ = {
			isa = PBXGroup;
			children = (
				1475A45525362A7700287A1B /* AUXApp.swift */,
				1475A45725362A7700287A1B /* ContentView.swift */,
				1475A45925362A7A00287A1B /* Assets.xcassets */,
				1475A45E25362A7A00287A1B /* Info.plist */,
				1475A45B25362A7A00287A1B /* Preview Content */,
			);
			path = AUX;
			sourceTree = "<group>";
		};
		1475A45B25362A7A00287A1B /* Preview Content */ = {
			isa = PBXGroup;
			children = (
				1475A45C25362A7A00287A1B /* Preview Assets.xcassets */,
			);
			path = "Preview Content";
			sourceTree = "<group>";
		};
		1475A46625362A7A00287A1B /* AUXTests */ = {
			isa = PBXGroup;
			children = (
				1475A46725362A7A00287A1B /* AUXTests.swift */,
				1475A46925362A7A00287A1B /* Info.plist */,
			);
			path = AUXTests;
			sourceTree = "<group>";
		};
		1475A47125362A7A00287A1B /* AUXUITests */ = {
			isa = PBXGroup;
			children = (
				1475A47225362A7A00287A1B /* AUXUITests.swift */,
				1475A47425362A7A00287A1B /* Info.plist */,
			);
			path = AUXUITests;
			sourceTree = "<group>";
		};
/* End PBXGroup section */

/* Begin PBXNativeTarget section */
		1475A45125362A7700287A1B /* AUX */ = {
			isa = PBXNativeTarget;
			buildConfigurationList = 1475A47725362A7A00287A1B /* Build configuration list for PBXNativeTarget "AUX" */;
			buildPhases = (
				1475A44E25362A7700287A1B /* Sources */,
				1475A44F25362A7700287A1B /* Frameworks */,
				1475A45025362A7700287A1B /* Resources */,
			);
			buildRules = (
			);
			dependencies = (
			);
			name = AUX;
			productName = AUX;
			productReference = 1475A45225362A7700287A1B /* AUX.app */;
			productType = "com.apple.product-type.application";
		};
		1475A46225362A7A00287A1B /* AUXTests */ = {
			isa = PBXNativeTarget;
			buildConfigurationList = 1475A47A25362A7A00287A1B /* Build configuration list for PBXNativeTarget "AUXTests" */;
			buildPhases = (
				1475A45F25362A7A00287A1B /* Sources */,
				1475A46025362A7A00287A1B /* Frameworks */,
				1475A46125362A7A00287A1B /* Resources */,
			);
			buildRules = (
			);
			dependencies = (
				1475A46525362A7A00287A1B /* PBXTargetDependency */,
			);
			name = AUXTests;
			productName = AUXTests;
			productReference = 1475A46325362A7A00287A1B /* AUXTests.xctest */;
			productType = "com.apple.product-type.bundle.unit-test";
		};
		1475A46D25362A7A00287A1B /* AUXUITests */ = {
			isa = PBXNativeTarget;
			buildConfigurationList = 1475A47D25362A7A00287A1B /* Build configuration list for PBXNativeTarget "AUXUITests" */;
			buildPhases = (
				1475A46A25362A7A00287A1B /* Sources */,
				1475A46B25362A7A00287A1B /* Frameworks */,
				1475A46C25362A7A00287A1B /* Resources */,
			);
			buildRules = (
			);
			dependencies = (
				1475A47025362A7A00287A1B /* PBXTargetDependency */,
			);
			name = AUXUITests;
			productName = AUXUITests;
			productReference = 1475A46E25362A7A00287A1B /* AUXUITests.xctest */;
			productType = "com.apple.product-type.bundle.ui-testing";
		};
/* End PBXNativeTarget section */

/* Begin PBXProject section */
		1475A44A25362A7700287A1B /* Project object */ = {
			isa = PBXProject;
			attributes = {
				LastSwiftUpdateCheck = 1200;
				LastUpgradeCheck = 1200;
				TargetAttributes = {
					1475A45125362A7700287A1B = {
						CreatedOnToolsVersion = 12.0.1;
					};
					1475A46225362A7A00287A1B = {
						CreatedOnToolsVersion = 12.0.1;
						TestTargetID = 1475A45125362A7700287A1B;
					};
					1475A46D25362A7A00287A1B = {
						CreatedOnToolsVersion = 12.0.1;
						TestTargetID = 1475A45125362A7700287A1B;
					};
				};
			};
			buildConfigurationList = 1475A44D25362A7700287A1B /* Build configuration list for PBXProject "AUX" */;
			compatibilityVersion = "Xcode 9.3";
			developmentRegion = en;
			hasScannedForEncodings = 0;
			knownRegions = (
				en,
				Base,
			);
			mainGroup = 1475A44925362A7700287A1B;
			productRefGroup = 1475A45325362A7700287A1B /* Products */;
			projectDirPath = "";
			projectRoot = "";
			targets = (
				1475A45125362A7700287A1B /* AUX */,
				1475A46225362A7A00287A1B /* AUXTests */,
				1475A46D25362A7A00287A1B /* AUXUITests */,
			);
		};
/* End PBXProject section */

/* Begin PBXResourcesBuildPhase section */
		1475A45025362A7700287A1B /* Resources */ = {
			isa = PBXResourcesBuildPhase;
			buildActionMask = 2147483647;
			files = (
				1475A45D25362A7A00287A1B /* Preview Assets.xcassets in Resources */,
				1475A45A25362A7A00287A1B /* Assets.xcassets in Resources */,
			);
			runOnlyForDeploymentPostprocessing = 0;
		};
		1475A46125362A7A00287A1B /* Resources */ = {
			isa = PBXResourcesBuildPhase;
			buildActionMask = 2147483647;
			files = (
			);
			runOnlyForDeploymentPostprocessing = 0;
		};
		1475A46C25362A7A00287A1B /* Resources */ = {
			isa = PBXResourcesBuildPhase;
			buildActionMask = 2147483647;
			files = (
			);
			runOnlyForDeploymentPostprocessing = 0;
		};
/* End PBXResourcesBuildPhase section */

/* Begin PBXSourcesBuildPhase section */
		1475A44E25362A7700287A1B /* Sources */ = {
			isa = PBXSourcesBuildPhase;
			buildActionMask = 2147483647;
			files = (
				1475A45825362A7700287A1B /* ContentView.swift in Sources */,
				1475A45625362A7700287A1B /* AUXApp.swift in Sources */,
			);
			runOnlyForDeploymentPostprocessing = 0;
		};
		1475A45F25362A7A00287A1B /* Sources */ = {
			isa = PBXSourcesBuildPhase;
			buildActionMask = 2147483647;
			files = (
				1475A46825362A7A00287A1B /* AUXTests.swift in Sources */,
			);
			runOnlyForDeploymentPostprocessing = 0;
		};
		1475A46A25362A7A00287A1B /* Sources */ = {
			isa = PBXSourcesBuildPhase;
			buildActionMask = 2147483647;
			files = (
				1475A47325362A7A00287A1B /* AUXUITests.swift in Sources */,
			);
			runOnlyForDeploymentPostprocessing = 0;
		};
/* End PBXSourcesBuildPhase section */

/* Begin PBXTargetDependency section */
		1475A46525362A7A00287A1B /* PBXTargetDependency */ = {
			isa = PBXTargetDependency;
			target = 1475A45125362A7700287A1B /* AUX */;
			targetProxy = 1475A46425362A7A00287A1B /* PBXContainerItemProxy */;
		};
		1475A47025362A7A00287A1B /* PBXTargetDependency */ = {
			isa = PBXTargetDependency;
			target = 1475A45125362A7700287A1B /* AUX */;
			targetProxy = 1475A46F25362A7A00287A1B /* PBXContainerItemProxy */;
		};
/* End PBXTargetDependency section */

/* Begin XCBuildConfiguration section */
		1475A47525362A7A00287A1B /* Debug */ = {
			isa = XCBuildConfiguration;
			buildSettings = {
				ALWAYS_SEARCH_USER_PATHS = NO;
				CLANG_ANALYZER_NONNULL = YES;
				CLANG_ANALYZER_NUMBER_OBJECT_CONVERSION = YES_AGGRESSIVE;
				CLANG_CXX_LANGUAGE_STANDARD = "gnu++14";
				CLANG_CXX_LIBRARY = "libc++";
				CLANG_ENABLE_MODULES = YES;
				CLANG_ENABLE_OBJC_ARC = YES;
				CLANG_ENABLE_OBJC_WEAK = YES;
				CLANG_WARN_BLOCK_CAPTURE_AUTORELEASING = YES;
				CLANG_WARN_BOOL_CONVERSION = YES;
				CLANG_WARN_COMMA = YES;
				CLANG_WARN_CONSTANT_CONVERSION = YES;
				CLANG_WARN_DEPRECATED_OBJC_IMPLEMENTATIONS = YES;
				CLANG_WARN_DIRECT_OBJC_ISA_USAGE = YES_ERROR;
				CLANG_WARN_DOCUMENTATION_COMMENTS = YES;
				CLANG_WARN_EMPTY_BODY = YES;
				CLANG_WARN_ENUM_CONVERSION = YES;
				CLANG_WARN_INFINITE_RECURSION = YES;
				CLANG_WARN_INT_CONVERSION = YES;
				CLANG_WARN_NON_LITERAL_NULL_CONVERSION = YES;
				CLANG_WARN_OBJC_IMPLICIT_RETAIN_SELF = YES;
				CLANG_WARN_OBJC_LITERAL_CONVERSION = YES;
				CLANG_WARN_OBJC_ROOT_CLASS = YES_ERROR;
				CLANG_WARN_QUOTED_INCLUDE_IN_FRAMEWORK_HEADER = YES;
				CLANG_WARN_RANGE_LOOP_ANALYSIS = YES;
				CLANG_WARN_STRICT_PROTOTYPES = YES;
				CLANG_WARN_SUSPICIOUS_MOVE = YES;
				CLANG_WARN_UNGUARDED_AVAILABILITY = YES_AGGRESSIVE;
				CLANG_WARN_UNREACHABLE_CODE = YES;
				CLANG_WARN__DUPLICATE_METHOD_MATCH = YES;
				COPY_PHASE_STRIP = NO;
				DEBUG_INFORMATION_FORMAT = dwarf;
				ENABLE_STRICT_OBJC_MSGSEND = YES;
				ENABLE_TESTABILITY = YES;
				GCC_C_LANGUAGE_STANDARD = gnu11;
				GCC_DYNAMIC_NO_PIC = NO;
				GCC_NO_COMMON_BLOCKS = YES;
				GCC_OPTIMIZATION_LEVEL = 0;
				GCC_PREPROCESSOR_DEFINITIONS = (
					"DEBUG=1",
					"$(inherited)",
				);
				GCC_WARN_64_TO_32_BIT_CONVERSION = YES;
				GCC_WARN_ABOUT_RETURN_TYPE = YES_ERROR;
				GCC_WARN_UNDECLARED_SELECTOR = YES;
				GCC_WARN_UNINITIALIZED_AUTOS = YES_AGGRESSIVE;
				GCC_WARN_UNUSED_FUNCTION = YES;
				GCC_WARN_UNUSED_VARIABLE = YES;
				IPHONEOS_DEPLOYMENT_TARGET = 14.0;
				MTL_ENABLE_DEBUG_INFO = INCLUDE_SOURCE;
				MTL_FAST_MATH = YES;
				ONLY_ACTIVE_ARCH = YES;
				SDKROOT = iphoneos;
				SWIFT_ACTIVE_COMPILATION_CONDITIONS = DEBUG;
				SWIFT_OPTIMIZATION_LEVEL = "-Onone";
			};
			name = Debug;
		};
		1475A47625362A7A00287A1B /* Release */ = {
			isa = XCBuildConfiguration;
			buildSettings = {
				ALWAYS_SEARCH_USER_PATHS = NO;
				CLANG_ANALYZER_NONNULL = YES;
				CLANG_ANALYZER_NUMBER_OBJECT_CONVERSION = YES_AGGRESSIVE;
				CLANG_CXX_LANGUAGE_STANDARD = "gnu++14";
				CLANG_CXX_LIBRARY = "libc++";
				CLANG_ENABLE_MODULES = YES;
				CLANG_ENABLE_OBJC_ARC = YES;
				CLANG_ENABLE_OBJC_WEAK = YES;
				CLANG_WARN_BLOCK_CAPTURE_AUTORELEASING = YES;
				CLANG_WARN_BOOL_CONVERSION = YES;
				CLANG_WARN_COMMA = YES;
				CLANG_WARN_CONSTANT_CONVERSION = YES;
				CLANG_WARN_DEPRECATED_OBJC_IMPLEMENTATIONS = YES;
				CLANG_WARN_DIRECT_OBJC_ISA_USAGE = YES_ERROR;
				CLANG_WARN_DOCUMENTATION_COMMENTS = YES;
				CLANG_WARN_EMPTY_BODY = YES;
				CLANG_WARN_ENUM_CONVERSION = YES;
				CLANG_WARN_INFINITE_RECURSION = YES;
				CLANG_WARN_INT_CONVERSION = YES;
				CLANG_WARN_NON_LITERAL_NULL_CONVERSION = YES;
				CLANG_WARN_OBJC_IMPLICIT_RETAIN_SELF = YES;
				CLANG_WARN_OBJC_LITERAL_CONVERSION = YES;
				CLANG_WARN_OBJC_ROOT_CLASS = YES_ERROR;
				CLANG_WARN_QUOTED_INCLUDE_IN_FRAMEWORK_HEADER = YES;
				CLANG_WARN_RANGE_LOOP_ANALYSIS = YES;
				CLANG_WARN_STRICT_PROTOTYPES = YES;
				CLANG_WARN_SUSPICIOUS_MOVE = YES;
				CLANG_WARN_UNGUARDED_AVAILABILITY = YES_AGGRESSIVE;
				CLANG_WARN_UNREACHABLE_CODE = YES;
				CLANG_WARN__DUPLICATE_METHOD_MATCH = YES;
				COPY_PHASE_STRIP = NO;
				DEBUG_INFORMATION_FORMAT = "dwarf-with-dsym";
				ENABLE_NS_ASSERTIONS = NO;
				ENABLE_STRICT_OBJC_MSGSEND = YES;
				GCC_C_LANGUAGE_STANDARD = gnu11;
				GCC_NO_COMMON_BLOCKS = YES;
				GCC_WARN_64_TO_32_BIT_CONVERSION = YES;
				GCC_WARN_ABOUT_RETURN_TYPE = YES_ERROR;
				GCC_WARN_UNDECLARED_SELECTOR = YES;
				GCC_WARN_UNINITIALIZED_AUTOS = YES_AGGRESSIVE;
				GCC_WARN_UNUSED_FUNCTION = YES;
				GCC_WARN_UNUSED_VARIABLE = YES;
				IPHONEOS_DEPLOYMENT_TARGET = 14.0;
				MTL_ENABLE_DEBUG_INFO = NO;
				MTL_FAST_MATH = YES;
				SDKROOT = iphoneos;
				SWIFT_COMPILATION_MODE = wholemodule;
				SWIFT_OPTIMIZATION_LEVEL = "-O";
				VALIDATE_PRODUCT = YES;
			};
			name = Release;
		};
		1475A47825362A7A00287A1B /* Debug */ = {
			isa = XCBuildConfiguration;
			buildSettings = {
				ASSETCATALOG_COMPILER_APPICON_NAME = AppIcon;
				ASSETCATALOG_COMPILER_GLOBAL_ACCENT_COLOR_NAME = AccentColor;
				CODE_SIGN_STYLE = Automatic;
				DEVELOPMENT_ASSET_PATHS = "\"AUX/Preview Content\"";
				DEVELOPMENT_TEAM = VUTT83GAGR;
				ENABLE_PREVIEWS = YES;
				INFOPLIST_FILE = AUX/Info.plist;
				IPHONEOS_DEPLOYMENT_TARGET = 14.0;
				LD_RUNPATH_SEARCH_PATHS = (
					"$(inherited)",
					"@executable_path/Frameworks",
				);
				PRODUCT_BUNDLE_IDENTIFIER = com.AUX;
				PRODUCT_NAME = "$(TARGET_NAME)";
				SWIFT_VERSION = 5.0;
				TARGETED_DEVICE_FAMILY = "1,2";
			};
			name = Debug;
		};
		1475A47925362A7A00287A1B /* Release */ = {
			isa = XCBuildConfiguration;
			buildSettings = {
				ASSETCATALOG_COMPILER_APPICON_NAME = AppIcon;
				ASSETCATALOG_COMPILER_GLOBAL_ACCENT_COLOR_NAME = AccentColor;
				CODE_SIGN_STYLE = Automatic;
				DEVELOPMENT_ASSET_PATHS = "\"AUX/Preview Content\"";
				DEVELOPMENT_TEAM = VUTT83GAGR;
				ENABLE_PREVIEWS = YES;
				INFOPLIST_FILE = AUX/Info.plist;
				IPHONEOS_DEPLOYMENT_TARGET = 14.0;
				LD_RUNPATH_SEARCH_PATHS = (
					"$(inherited)",
					"@executable_path/Frameworks",
				);
				PRODUCT_BUNDLE_IDENTIFIER = com.AUX;
				PRODUCT_NAME = "$(TARGET_NAME)";
				SWIFT_VERSION = 5.0;
				TARGETED_DEVICE_FAMILY = "1,2";
			};
			name = Release;
		};
		1475A47B25362A7A00287A1B /* Debug */ = {
			isa = XCBuildConfiguration;
			buildSettings = {
				ALWAYS_EMBED_SWIFT_STANDARD_LIBRARIES = YES;
				BUNDLE_LOADER = "$(TEST_HOST)";
				CODE_SIGN_STYLE = Automatic;
				DEVELOPMENT_TEAM = VUTT83GAGR;
				INFOPLIST_FILE = AUXTests/Info.plist;
				IPHONEOS_DEPLOYMENT_TARGET = 14.0;
				LD_RUNPATH_SEARCH_PATHS = (
					"$(inherited)",
					"@executable_path/Frameworks",
					"@loader_path/Frameworks",
				);
				PRODUCT_BUNDLE_IDENTIFIER = com.AUXTests;
				PRODUCT_NAME = "$(TARGET_NAME)";
				SWIFT_VERSION = 5.0;
				TARGETED_DEVICE_FAMILY = "1,2";
				TEST_HOST = "$(BUILT_PRODUCTS_DIR)/AUX.app/AUX";
			};
			name = Debug;
		};
		1475A47C25362A7A00287A1B /* Release */ = {
			isa = XCBuildConfiguration;
			buildSettings = {
				ALWAYS_EMBED_SWIFT_STANDARD_LIBRARIES = YES;
				BUNDLE_LOADER = "$(TEST_HOST)";
				CODE_SIGN_STYLE = Automatic;
				DEVELOPMENT_TEAM = VUTT83GAGR;
				INFOPLIST_FILE = AUXTests/Info.plist;
				IPHONEOS_DEPLOYMENT_TARGET = 14.0;
				LD_RUNPATH_SEARCH_PATHS = (
					"$(inherited)",
					"@executable_path/Frameworks",
					"@loader_path/Frameworks",
				);
				PRODUCT_BUNDLE_IDENTIFIER = com.AUXTests;
				PRODUCT_NAME = "$(TARGET_NAME)";
				SWIFT_VERSION = 5.0;
				TARGETED_DEVICE_FAMILY = "1,2";
				TEST_HOST = "$(BUILT_PRODUCTS_DIR)/AUX.app/AUX";
			};
			name = Release;
		};
		1475A47E25362A7A00287A1B /* Debug */ = {
			isa = XCBuildConfiguration;
			buildSettings = {
				ALWAYS_EMBED_SWIFT_STANDARD_LIBRARIES = YES;
				CODE_SIGN_STYLE = Automatic;
				DEVELOPMENT_TEAM = VUTT83GAGR;
				INFOPLIST_FILE = AUXUITests/Info.plist;
				LD_RUNPATH_SEARCH_PATHS = (
					"$(inherited)",
					"@executable_path/Frameworks",
					"@loader_path/Frameworks",
				);
				PRODUCT_BUNDLE_IDENTIFIER = com.AUXUITests;
				PRODUCT_NAME = "$(TARGET_NAME)";
				SWIFT_VERSION = 5.0;
				TARGETED_DEVICE_FAMILY = "1,2";
				TEST_TARGET_NAME = AUX;
			};
			name = Debug;
		};
		1475A47F25362A7A00287A1B /* Release */ = {
			isa = XCBuildConfiguration;
			buildSettings = {
				ALWAYS_EMBED_SWIFT_STANDARD_LIBRARIES = YES;
				CODE_SIGN_STYLE = Automatic;
				DEVELOPMENT_TEAM = VUTT83GAGR;
				INFOPLIST_FILE = AUXUITests/Info.plist;
				LD_RUNPATH_SEARCH_PATHS = (
					"$(inherited)",
					"@executable_path/Frameworks",
					"@loader_path/Frameworks",
				);
				PRODUCT_BUNDLE_IDENTIFIER = com.AUXUITests;
				PRODUCT_NAME = "$(TARGET_NAME)";
				SWIFT_VERSION = 5.0;
				TARGETED_DEVICE_FAMILY = "1,2";
				TEST_TARGET_NAME = AUX;
			};
			name = Release;
		};
/* End XCBuildConfiguration section */

/* Begin XCConfigurationList section */
		1475A44D25362A7700287A1B /* Build configuration list for PBXProject "AUX" */ = {
			isa = XCConfigurationList;
			buildConfigurations = (
				1475A47525362A7A00287A1B /* Debug */,
				1475A47625362A7A00287A1B /* Release */,
			);
			defaultConfigurationIsVisible = 0;
			defaultConfigurationName = Release;
		};
		1475A47725362A7A00287A1B /* Build configuration list for PBXNativeTarget "AUX" */ = {
			isa = XCConfigurationList;
			buildConfigurations = (
				1475A47825362A7A00287A1B /* Debug */,
				1475A47925362A7A00287A1B /* Release */,
			);
			defaultConfigurationIsVisible = 0;
			defaultConfigurationName = Release;
		};
		1475A47A25362A7A00287A1B /* Build configuration list for PBXNativeTarget "AUXTests" */ = {
			isa = XCConfigurationList;
			buildConfigurations = (
				1475A47B25362A7A00287A1B /* Debug */,
				1475A47C25362A7A00287A1B /* Release */,
			);
			defaultConfigurationIsVisible = 0;
			defaultConfigurationName = Release;
		};
		1475A47D25362A7A00287A1B /* Build configuration list for PBXNativeTarget "AUXUITests" */ = {
			isa = XCConfigurationList;
			buildConfigurations = (
				1475A47E25362A7A00287A1B /* Debug */,
				1475A47F25362A7A00287A1B /* Release */,
			);
			defaultConfigurationIsVisible = 0;
			defaultConfigurationName = Release;
		};
/* End XCConfigurationList section */
	};
	rootObject = 1475A44A25362A7700287A1B /* Project object */;
}
